
Microsoft Visual Studio Solution File, Format Version 12.00
# Visual Studio Version 16
VisualStudioVersion = 16.0.29926.136
MinimumVisualStudioVersion = 10.0.40219.1
Project("{FAE04EC0-301F-11D3-BF4B-00C04F79EFBC}") = "WinSoft", "WinSoft\WinSoft.csproj", "{0E10B400-77FC-4082-9C11-803A0361660D}"
EndProject
Project("{FAE04EC0-301F-11D3-BF4B-00C04F79EFBC}") = "DL", "DL\DL.csproj", "{AC241E40-1BD1-43E0-9C9D-83A3302612B0}"
EndProject
Project("{FAE04EC0-301F-11D3-BF4B-00C04F79EFBC}") = "BL", "BL\BL.csproj", "{331E487B-D10A-4C47-9865-0DF0502022C1}"
EndProject
Global
	GlobalSection(SolutionConfigurationPlatforms) = preSolution
		Debug|Any CPU = Debug|Any CPU
		Release|Any CPU = Release|Any CPU
	EndGlobalSection
	GlobalSection(ProjectConfigurationPlatforms) = postSolution
		{0E10B400-77FC-4082-9C11-803A0361660D}.Debug|Any CPU.ActiveCfg = Debug|Any CPU
		{0E10B400-77FC-4082-9C11-803A0361660D}.Debug|Any CPU.Build.0 = Debug|Any CPU
		{0E10B400-77FC-4082-9C11-803A0361660D}.Release|Any CPU.ActiveCfg = Release|Any CPU
		{0E10B400-77FC-4082-9C11-803A0361660D}.Release|Any CPU.Build.0 = Release|Any CPU
		{AC241E40-1BD1-43E0-9C9D-83A3302612B0}.Debug|Any CPU.ActiveCfg = Debug|Any CPU
		{AC241E40-1BD1-43E0-9C9D-83A3302612B0}.Debug|Any CPU.Build.0 = Debug|Any CPU
		{AC241E40-1BD1-43E0-9C9D-83A3302612B0}.Release|Any CPU.ActiveCfg = Release|Any CPU
		{AC241E40-1BD1-43E0-9C9D-83A3302612B0}.Release|Any CPU.Build.0 = Release|Any CPU
		{331E487B-D10A-4C47-9865-0DF0502022C1}.Debug|Any CPU.ActiveCfg = Debug|Any CPU
		{331E487B-D10A-4C47-9865-0DF0502022C1}.Debug|Any CPU.Build.0 = Debug|Any CPU
		{331E487B-D10A-4C47-9865-0DF0502022C1}.Release|Any CPU.ActiveCfg = Release|Any CPU
		{331E487B-D10A-4C47-9865-0DF0502022C1}.Release|Any CPU.Build.0 = Release|Any CPU
	EndGlobalSection
	GlobalSection(SolutionProperties) = preSolution
		HideSolutionNode = FALSE
	EndGlobalSection
	GlobalSection(ExtensibilityGlobals) = postSolution
		SolutionGuid = {401C39F9-57CD-4CBF-976A-BA9A7995B0C6}
	EndGlobalSection
EndGlobal
